
Microsoft Visual Studio Solution File, Format Version 12.00
# Visual Studio Version 17
VisualStudioVersion = 17.14.36414.22 d17.14
MinimumVisualStudioVersion = 10.0.40219.1
Project("{FAE04EC0-301F-11D3-BF4B-00C04F79EFBC}") = "FlightBooking", "FlightBooking\FlightBooking.csproj", "{A625CC17-82BE-41D2-B372-D529B5D79DA9}"
EndProject
Global
	GlobalSection(SolutionConfigurationPlatforms) = preSolution
		Debug|Any CPU = Debug|Any CPU
		Release|Any CPU = Release|Any CPU
	EndGlobalSection
	GlobalSection(ProjectConfigurationPlatforms) = postSolution
		{A625CC17-82BE-41D2-B372-D529B5D79DA9}.Debug|Any CPU.ActiveCfg = Debug|Any CPU
		{A625CC17-82BE-41D2-B372-D529B5D79DA9}.Debug|Any CPU.Build.0 = Debug|Any CPU
		{A625CC17-82BE-41D2-B372-D529B5D79DA9}.Release|Any CPU.ActiveCfg = Release|Any CPU
		{A625CC17-82BE-41D2-B372-D529B5D79DA9}.Release|Any CPU.Build.0 = Release|Any CPU
	EndGlobalSection
	GlobalSection(SolutionProperties) = preSolution
		HideSolutionNode = FALSE
	EndGlobalSection
	GlobalSection(ExtensibilityGlobals) = postSolution
		SolutionGuid = {C2D0B5A7-C2E8-4F16-8912-9EBFED1E1795}
	EndGlobalSection
EndGlobal
